
Microsoft Visual Studio Solution File, Format Version 12.00
# Visual Studio Version 17
VisualStudioVersion = 17.5.33516.290
MinimumVisualStudioVersion = 10.0.40219.1
Project("{FAE04EC0-301F-11D3-BF4B-00C04F79EFBC}") = "AMBITNE2", "AMBITNE2\AMBITNE2.csproj", "{DE2B656B-3754-4369-86C1-63145630134D}"
EndProject
Global
	GlobalSection(SolutionConfigurationPlatforms) = preSolution
		Debug|Any CPU = Debug|Any CPU
		Release|Any CPU = Release|Any CPU
	EndGlobalSection
	GlobalSection(ProjectConfigurationPlatforms) = postSolution
		{DE2B656B-3754-4369-86C1-63145630134D}.Debug|Any CPU.ActiveCfg = Debug|Any CPU
		{DE2B656B-3754-4369-86C1-63145630134D}.Debug|Any CPU.Build.0 = Debug|Any CPU
		{DE2B656B-3754-4369-86C1-63145630134D}.Release|Any CPU.ActiveCfg = Release|Any CPU
		{DE2B656B-3754-4369-86C1-63145630134D}.Release|Any CPU.Build.0 = Release|Any CPU
	EndGlobalSection
	GlobalSection(SolutionProperties) = preSolution
		HideSolutionNode = FALSE
	EndGlobalSection
	GlobalSection(ExtensibilityGlobals) = postSolution
		SolutionGuid = {3658FBAA-C3F1-46E4-9F83-18DE6CD83FC3}
	EndGlobalSection
EndGlobal
