
Microsoft Visual Studio Solution File, Format Version 12.00
# Visual Studio Version 17
VisualStudioVersion = 17.5.33516.290
MinimumVisualStudioVersion = 10.0.40219.1
Project("{FAE04EC0-301F-11D3-BF4B-00C04F79EFBC}") = "WyplenianieTablicy", "WyplenianieTablicy\WyplenianieTablicy.csproj", "{791D04B3-23FF-4BB5-97FE-FF81DC9E51DA}"
EndProject
Global
	GlobalSection(SolutionConfigurationPlatforms) = preSolution
		Debug|Any CPU = Debug|Any CPU
		Release|Any CPU = Release|Any CPU
	EndGlobalSection
	GlobalSection(ProjectConfigurationPlatforms) = postSolution
		{791D04B3-23FF-4BB5-97FE-FF81DC9E51DA}.Debug|Any CPU.ActiveCfg = Debug|Any CPU
		{791D04B3-23FF-4BB5-97FE-FF81DC9E51DA}.Debug|Any CPU.Build.0 = Debug|Any CPU
		{791D04B3-23FF-4BB5-97FE-FF81DC9E51DA}.Release|Any CPU.ActiveCfg = Release|Any CPU
		{791D04B3-23FF-4BB5-97FE-FF81DC9E51DA}.Release|Any CPU.Build.0 = Release|Any CPU
	EndGlobalSection
	GlobalSection(SolutionProperties) = preSolution
		HideSolutionNode = FALSE
	EndGlobalSection
	GlobalSection(ExtensibilityGlobals) = postSolution
		SolutionGuid = {8BB43B01-06C2-4029-BC5D-A6C45E91AC1F}
	EndGlobalSection
EndGlobal
